<?xml version="1.0" encoding="utf-8"?>
<Project ToolsVersion="4.0" xmlns="http://schemas.microsoft.com/developer/msbuild/2003">
  <ItemGroup>
    <Filter Include="소스 파일">
      <UniqueIdentifier>{4FC737F1-C7A5-4376-A066-2A32D752A2FF}</UniqueIdentifier>
      <Extensions>cpp;c;cc;cxx;def;odl;idl;hpj;bat;asm;asmx</Extensions>
    </Filter>
    <Filter Include="헤더 파일">
      <UniqueIdentifier>{93995380-89BD-4b04-88EB-625FBE52EBFB}</UniqueIdentifier>
      <Extensions>h;hh;hpp;hxx;hm;inl;inc;ipp;xsd</Extensions>
    </Filter>
    <Filter Include="리소스 파일">
      <UniqueIdentifier>{67DA6AB6-F800-4c08-8B7A-83BB121AAD01}</UniqueIdentifier>
      <Extensions>rc;ico;cur;bmp;dlg;rc2;rct;bin;rgs;gif;jpg;jpeg;jpe;resx;tiff;tif;png;wav;mfcribbon-ms</Extensions>
    </Filter>
  </ItemGroup>
  <ItemGroup>
    <ClCompile Include="1_greedy_boj_1946.cpp">
      <Filter>소스 파일</Filter>
    </ClCompile>
    <ClCompile Include="1_greedy_boj_1541.cpp">
      <Filter>소스 파일</Filter>
    </ClCompile>
    <ClCompile Include="1_greedy_boj_1120.cpp">
      <Filter>소스 파일</Filter>
    </ClCompile>
    <ClCompile Include="1_greedy_boj_1080.cpp">
      <Filter>소스 파일</Filter>
    </ClCompile>
    <ClCompile Include="1_greedy_boj_1931.cpp">
      <Filter>소스 파일</Filter>
    </ClCompile>
    <ClCompile Include="2_dp_boj_11052.cpp">
      <Filter>소스 파일</Filter>
    </ClCompile>
    <ClCompile Include="2%40_dp_boj_9465.cpp">
      <Filter>소스 파일</Filter>
    </ClCompile>
    <ClCompile Include="2_dp_boj_9461.cpp">
      <Filter>소스 파일</Filter>
    </ClCompile>
    <ClCompile Include="2_dp_boj_2293.cpp">
      <Filter>소스 파일</Filter>
    </ClCompile>
    <ClCompile Include="2_dp_boj_1965.cpp">
      <Filter>소스 파일</Filter>
    </ClCompile>
    <ClCompile Include="2_dp_boj_1965_lis.cpp">
      <Filter>소스 파일</Filter>
    </ClCompile>
    <ClCompile Include="2_dp_boj_2167.cpp">
      <Filter>소스 파일</Filter>
    </ClCompile>
    <ClCompile Include="2_dp_boj_11726.cpp">
      <Filter>소스 파일</Filter>
    </ClCompile>
    <ClCompile Include="2_dp_boj_10844.cpp">
      <Filter>소스 파일</Filter>
    </ClCompile>
    <ClCompile Include="2_dp_boj_11727.cpp">
      <Filter>소스 파일</Filter>
    </ClCompile>
    <ClCompile Include="2_dp_boj_11057.cpp">
      <Filter>소스 파일</Filter>
    </ClCompile>
    <ClCompile Include="3_dfs_boj_11403.cpp">
      <Filter>소스 파일</Filter>
    </ClCompile>
    <ClCompile Include="3_dfs_boj_1260.cpp">
      <Filter>소스 파일</Filter>
    </ClCompile>
    <ClCompile Include="3_dfs_boj_6603.cpp">
      <Filter>소스 파일</Filter>
    </ClCompile>
    <ClCompile Include="3_dfs_boj_1260_again.cpp">
      <Filter>소스 파일</Filter>
    </ClCompile>
    <ClCompile Include="3_dfs_boj_10026.cpp">
      <Filter>소스 파일</Filter>
    </ClCompile>
    <ClCompile Include="3_dfs_boj_1260_again2.cpp">
      <Filter>소스 파일</Filter>
    </ClCompile>
    <ClCompile Include="4_array_boj_2920.cpp">
      <Filter>소스 파일</Filter>
    </ClCompile>
    <ClCompile Include="4_array_boj_10818.cpp">
      <Filter>소스 파일</Filter>
    </ClCompile>
    <ClCompile Include="4_array_boj_4344.cpp">
      <Filter>소스 파일</Filter>
    </ClCompile>
    <ClCompile Include="2_dp_boj_2748.cpp">
      <Filter>소스 파일</Filter>
    </ClCompile>
    <ClCompile Include="5_stack_boj_1874.cpp">
      <Filter>소스 파일</Filter>
    </ClCompile>
    <ClCompile Include="5_stack_boj_17298.cpp">
      <Filter>소스 파일</Filter>
    </ClCompile>
    <ClCompile Include="5_stack_boj_2504.cpp">
      <Filter>소스 파일</Filter>
    </ClCompile>
    <ClCompile Include="6_queue_boj_1966.cpp">
      <Filter>소스 파일</Filter>
    </ClCompile>
    <ClCompile Include="5_stack_boj_1935.cpp">
      <Filter>소스 파일</Filter>
    </ClCompile>
    <ClCompile Include="5_stack_boj_1918.cpp">
      <Filter>소스 파일</Filter>
    </ClCompile>
    <ClCompile Include="7_string_boj_10808.cpp">
      <Filter>소스 파일</Filter>
    </ClCompile>
    <ClCompile Include="7_string_boj_2902.cpp">
      <Filter>소스 파일</Filter>
    </ClCompile>
    <ClCompile Include="7_string_boj_1032.cpp">
      <Filter>소스 파일</Filter>
    </ClCompile>
    <ClCompile Include="7_string_boj_1764.cpp">
      <Filter>소스 파일</Filter>
    </ClCompile>
    <ClCompile Include="7_string_boj_10988.cpp">
      <Filter>소스 파일</Filter>
    </ClCompile>
    <ClCompile Include="7_string_obj_11656.cpp">
      <Filter>소스 파일</Filter>
    </ClCompile>
    <ClCompile Include="7_string_boj_10987.cpp">
      <Filter>소스 파일</Filter>
    </ClCompile>
    <ClCompile Include="7_string_boj_5598.cpp">
      <Filter>소스 파일</Filter>
    </ClCompile>
    <ClCompile Include="7_string_boj_1764_again.cpp">
      <Filter>소스 파일</Filter>
    </ClCompile>
    <ClCompile Include="7_string_boj_2789.cpp">
      <Filter>소스 파일</Filter>
    </ClCompile>
  </ItemGroup>
</Project>